// !$*UTF8*$!
{
	archiveVersion = 1;
	classes = {
	};
	objectVersion = 50;
	objects = {

/* Begin PBXBuildFile section */
		8815522C2542E40B008EC4A1 /* Row2.swift in Sources */ = {isa = PBXBuildFile; fileRef = 8815522B2542E40B008EC4A1 /* Row2.swift */; };
		88579FB8253F35A200701012 /* AppDelegate.swift in Sources */ = {isa = PBXBuildFile; fileRef = 88579FB7253F35A200701012 /* AppDelegate.swift */; };
		88579FBA253F35A200701012 /* SceneDelegate.swift in Sources */ = {isa = PBXBuildFile; fileRef = 88579FB9253F35A200701012 /* SceneDelegate.swift */; };
		88579FBD253F35A200701012 /* MediaNotes.xcdatamodeld in Sources */ = {isa = PBXBuildFile; fileRef = 88579FBB253F35A200701012 /* MediaNotes.xcdatamodeld */; };
		88579FBF253F35A200701012 /* ContentView.swift in Sources */ = {isa = PBXBuildFile; fileRef = 88579FBE253F35A200701012 /* ContentView.swift */; };
		88579FC1253F35A700701012 /* Assets.xcassets in Resources */ = {isa = PBXBuildFile; fileRef = 88579FC0253F35A700701012 /* Assets.xcassets */; };
		88579FC4253F35A700701012 /* Preview Assets.xcassets in Resources */ = {isa = PBXBuildFile; fileRef = 88579FC3253F35A700701012 /* Preview Assets.xcassets */; };
		88579FC7253F35A700701012 /* LaunchScreen.storyboard in Resources */ = {isa = PBXBuildFile; fileRef = 88579FC5253F35A700701012 /* LaunchScreen.storyboard */; };
		8883B9302544177000BFEDBA /* AddingWatchedView.swift in Sources */ = {isa = PBXBuildFile; fileRef = 8883B92F2544177000BFEDBA /* AddingWatchedView.swift */; };
		8883B93C2544772700BFEDBA /* DetailWatchedView.swift in Sources */ = {isa = PBXBuildFile; fileRef = 8883B93B2544772700BFEDBA /* DetailWatchedView.swift */; };
		8883B9402544836400BFEDBA /* ColorManager.swift in Sources */ = {isa = PBXBuildFile; fileRef = 8883B93F2544836400BFEDBA /* ColorManager.swift */; };
		88A7B9F725408B9C00291755 /* Row.swift in Sources */ = {isa = PBXBuildFile; fileRef = 88A7B9F625408B9C00291755 /* Row.swift */; };
		88A7B9FB25408D3700291755 /* Film.swift in Sources */ = {isa = PBXBuildFile; fileRef = 88A7B9FA25408D3700291755 /* Film.swift */; };
		88CCE6732543402200F08BEC /* AddingNotWatchedView.swift in Sources */ = {isa = PBXBuildFile; fileRef = 88CCE6722543402200F08BEC /* AddingNotWatchedView.swift */; };
		88CF85E125419F96001A507D /* DetailNotWatchedView.swift in Sources */ = {isa = PBXBuildFile; fileRef = 88CF85E025419F96001A507D /* DetailNotWatchedView.swift */; };
		88CF85E52541A2F3001A507D /* NotWatchedView.swift in Sources */ = {isa = PBXBuildFile; fileRef = 88CF85E42541A2F3001A507D /* NotWatchedView.swift */; };
		88CF85E82541A2FF001A507D /* WatchedView.swift in Sources */ = {isa = PBXBuildFile; fileRef = 88CF85E72541A2FF001A507D /* WatchedView.swift */; };
/* End PBXBuildFile section */

/* Begin PBXFileReference section */
		8815522B2542E40B008EC4A1 /* Row2.swift */ = {isa = PBXFileReference; lastKnownFileType = sourcecode.swift; path = Row2.swift; sourceTree = "<group>"; };
		88579FB4253F35A200701012 /* MediaNotes.app */ = {isa = PBXFileReference; explicitFileType = wrapper.application; includeInIndex = 0; path = MediaNotes.app; sourceTree = BUILT_PRODUCTS_DIR; };
		88579FB7253F35A200701012 /* AppDelegate.swift */ = {isa = PBXFileReference; lastKnownFileType = sourcecode.swift; path = AppDelegate.swift; sourceTree = "<group>"; };
		88579FB9253F35A200701012 /* SceneDelegate.swift */ = {isa = PBXFileReference; lastKnownFileType = sourcecode.swift; path = SceneDelegate.swift; sourceTree = "<group>"; };
		88579FBC253F35A200701012 /* MediaNotes.xcdatamodel */ = {isa = PBXFileReference; lastKnownFileType = wrapper.xcdatamodel; path = MediaNotes.xcdatamodel; sourceTree = "<group>"; };
		88579FBE253F35A200701012 /* ContentView.swift */ = {isa = PBXFileReference; lastKnownFileType = sourcecode.swift; path = ContentView.swift; sourceTree = "<group>"; };
		88579FC0253F35A700701012 /* Assets.xcassets */ = {isa = PBXFileReference; lastKnownFileType = folder.assetcatalog; path = Assets.xcassets; sourceTree = "<group>"; };
		88579FC3253F35A700701012 /* Preview Assets.xcassets */ = {isa = PBXFileReference; lastKnownFileType = folder.assetcatalog; path = "Preview Assets.xcassets"; sourceTree = "<group>"; };
		88579FC6253F35A700701012 /* Base */ = {isa = PBXFileReference; lastKnownFileType = file.storyboard; name = Base; path = Base.lproj/LaunchScreen.storyboard; sourceTree = "<group>"; };
		88579FC8253F35A700701012 /* Info.plist */ = {isa = PBXFileReference; lastKnownFileType = text.plist.xml; path = Info.plist; sourceTree = "<group>"; };
		8883B92F2544177000BFEDBA /* AddingWatchedView.swift */ = {isa = PBXFileReference; lastKnownFileType = sourcecode.swift; path = AddingWatchedView.swift; sourceTree = "<group>"; };
		8883B93B2544772700BFEDBA /* DetailWatchedView.swift */ = {isa = PBXFileReference; lastKnownFileType = sourcecode.swift; path = DetailWatchedView.swift; sourceTree = "<group>"; };
		8883B93F2544836400BFEDBA /* ColorManager.swift */ = {isa = PBXFileReference; lastKnownFileType = sourcecode.swift; path = ColorManager.swift; sourceTree = "<group>"; };
		88A7B9F625408B9C00291755 /* Row.swift */ = {isa = PBXFileReference; lastKnownFileType = sourcecode.swift; path = Row.swift; sourceTree = "<group>"; };
		88A7B9FA25408D3700291755 /* Film.swift */ = {isa = PBXFileReference; lastKnownFileType = sourcecode.swift; path = Film.swift; sourceTree = "<group>"; };
		88CCE6722543402200F08BEC /* AddingNotWatchedView.swift */ = {isa = PBXFileReference; lastKnownFileType = sourcecode.swift; path = AddingNotWatchedView.swift; sourceTree = "<group>"; };
		88CF85E025419F96001A507D /* DetailNotWatchedView.swift */ = {isa = PBXFileReference; lastKnownFileType = sourcecode.swift; path = DetailNotWatchedView.swift; sourceTree = "<group>"; };
		88CF85E42541A2F3001A507D /* NotWatchedView.swift */ = {isa = PBXFileReference; lastKnownFileType = sourcecode.swift; path = NotWatchedView.swift; sourceTree = "<group>"; };
		88CF85E72541A2FF001A507D /* WatchedView.swift */ = {isa = PBXFileReference; lastKnownFileType = sourcecode.swift; path = WatchedView.swift; sourceTree = "<group>"; };
/* End PBXFileReference section */

/* Begin PBXFrameworksBuildPhase section */
		88579FB1253F35A200701012 /* Frameworks */ = {
			isa = PBXFrameworksBuildPhase;
			buildActionMask = 2147483647;
			files = (
			);
			runOnlyForDeploymentPostprocessing = 0;
		};
/* End PBXFrameworksBuildPhase section */

/* Begin PBXGroup section */
		88579FAB253F35A100701012 = {
			isa = PBXGroup;
			children = (
				88579FB6253F35A200701012 /* MediaNotes */,
				88579FB5253F35A200701012 /* Products */,
			);
			sourceTree = "<group>";
		};
		88579FB5253F35A200701012 /* Products */ = {
			isa = PBXGroup;
			children = (
				88579FB4253F35A200701012 /* MediaNotes.app */,
			);
			name = Products;
			sourceTree = "<group>";
		};
		88579FB6253F35A200701012 /* MediaNotes */ = {
			isa = PBXGroup;
			children = (
				88CCE6752543709100F08BEC /* Views */,
				88579FB7253F35A200701012 /* AppDelegate.swift */,
				88579FB9253F35A200701012 /* SceneDelegate.swift */,
				88A7B9F625408B9C00291755 /* Row.swift */,
				8815522B2542E40B008EC4A1 /* Row2.swift */,
				8883B93F2544836400BFEDBA /* ColorManager.swift */,
				88579FC0253F35A700701012 /* Assets.xcassets */,
				88579FC5253F35A700701012 /* LaunchScreen.storyboard */,
				88579FC8253F35A700701012 /* Info.plist */,
				88579FBB253F35A200701012 /* MediaNotes.xcdatamodeld */,
				88A7B9FA25408D3700291755 /* Film.swift */,
				88579FC2253F35A700701012 /* Preview Content */,
			);
			path = MediaNotes;
			sourceTree = "<group>";
		};
		88579FC2253F35A700701012 /* Preview Content */ = {
			isa = PBXGroup;
			children = (
				88579FC3253F35A700701012 /* Preview Assets.xcassets */,
			);
			path = "Preview Content";
			sourceTree = "<group>";
		};
		88CCE6752543709100F08BEC /* Views */ = {
			isa = PBXGroup;
			children = (
				88579FBE253F35A200701012 /* ContentView.swift */,
				88CF85E42541A2F3001A507D /* NotWatchedView.swift */,
				88CCE6722543402200F08BEC /* AddingNotWatchedView.swift */,
				88CF85E025419F96001A507D /* DetailNotWatchedView.swift */,
				88CF85E72541A2FF001A507D /* WatchedView.swift */,
				8883B92F2544177000BFEDBA /* AddingWatchedView.swift */,
				8883B93B2544772700BFEDBA /* DetailWatchedView.swift */,
			);
			path = Views;
			sourceTree = "<group>";
		};
/* End PBXGroup section */

/* Begin PBXNativeTarget section */
		88579FB3253F35A200701012 /* MediaNotes */ = {
			isa = PBXNativeTarget;
			buildConfigurationList = 88579FCB253F35A700701012 /* Build configuration list for PBXNativeTarget "MediaNotes" */;
			buildPhases = (
				88579FB0253F35A200701012 /* Sources */,
				88579FB1253F35A200701012 /* Frameworks */,
				88579FB2253F35A200701012 /* Resources */,
			);
			buildRules = (
			);
			dependencies = (
			);
			name = MediaNotes;
			productName = MediaNotes;
			productReference = 88579FB4253F35A200701012 /* MediaNotes.app */;
			productType = "com.apple.product-type.application";
		};
/* End PBXNativeTarget section */

/* Begin PBXProject section */
		88579FAC253F35A100701012 /* Project object */ = {
			isa = PBXProject;
			attributes = {
				LastSwiftUpdateCheck = 1150;
				LastUpgradeCheck = 1210;
				ORGANIZATIONNAME = Aleksa;
				TargetAttributes = {
					88579FB3253F35A200701012 = {
						CreatedOnToolsVersion = 11.5;
					};
				};
			};
			buildConfigurationList = 88579FAF253F35A100701012 /* Build configuration list for PBXProject "MediaNotes" */;
			compatibilityVersion = "Xcode 9.3";
			developmentRegion = en;
			hasScannedForEncodings = 0;
			knownRegions = (
				en,
				Base,
			);
			mainGroup = 88579FAB253F35A100701012;
			productRefGroup = 88579FB5253F35A200701012 /* Products */;
			projectDirPath = "";
			projectRoot = "";
			targets = (
				88579FB3253F35A200701012 /* MediaNotes */,
			);
		};
/* End PBXProject section */

/* Begin PBXResourcesBuildPhase section */
		88579FB2253F35A200701012 /* Resources */ = {
			isa = PBXResourcesBuildPhase;
			buildActionMask = 2147483647;
			files = (
				88579FC7253F35A700701012 /* LaunchScreen.storyboard in Resources */,
				88579FC4253F35A700701012 /* Preview Assets.xcassets in Resources */,
				88579FC1253F35A700701012 /* Assets.xcassets in Resources */,
			);
			runOnlyForDeploymentPostprocessing = 0;
		};
/* End PBXResourcesBuildPhase section */

/* Begin PBXSourcesBuildPhase section */
		88579FB0253F35A200701012 /* Sources */ = {
			isa = PBXSourcesBuildPhase;
			buildActionMask = 2147483647;
			files = (
				88CF85E82541A2FF001A507D /* WatchedView.swift in Sources */,
				88579FB8253F35A200701012 /* AppDelegate.swift in Sources */,
				88A7B9FB25408D3700291755 /* Film.swift in Sources */,
				8815522C2542E40B008EC4A1 /* Row2.swift in Sources */,
				8883B93C2544772700BFEDBA /* DetailWatchedView.swift in Sources */,
				88579FBA253F35A200701012 /* SceneDelegate.swift in Sources */,
				88CF85E52541A2F3001A507D /* NotWatchedView.swift in Sources */,
				8883B9402544836400BFEDBA /* ColorManager.swift in Sources */,
				88CF85E125419F96001A507D /* DetailNotWatchedView.swift in Sources */,
				88579FBF253F35A200701012 /* ContentView.swift in Sources */,
				88A7B9F725408B9C00291755 /* Row.swift in Sources */,
				8883B9302544177000BFEDBA /* AddingWatchedView.swift in Sources */,
				88CCE6732543402200F08BEC /* AddingNotWatchedView.swift in Sources */,
				88579FBD253F35A200701012 /* MediaNotes.xcdatamodeld in Sources */,
			);
			runOnlyForDeploymentPostprocessing = 0;
		};
/* End PBXSourcesBuildPhase section */

/* Begin PBXVariantGroup section */
		88579FC5253F35A700701012 /* LaunchScreen.storyboard */ = {
			isa = PBXVariantGroup;
			children = (
				88579FC6253F35A700701012 /* Base */,
			);
			name = LaunchScreen.storyboard;
			sourceTree = "<group>";
		};
/* End PBXVariantGroup section */

/* Begin XCBuildConfiguration section */
		88579FC9253F35A700701012 /* Debug */ = {
			isa = XCBuildConfiguration;
			buildSettings = {
				ALWAYS_SEARCH_USER_PATHS = NO;
				CLANG_ANALYZER_NONNULL = YES;
				CLANG_ANALYZER_NUMBER_OBJECT_CONVERSION = YES_AGGRESSIVE;
				CLANG_CXX_LANGUAGE_STANDARD = "gnu++14";
				CLANG_CXX_LIBRARY = "libc++";
				CLANG_ENABLE_MODULES = YES;
				CLANG_ENABLE_OBJC_ARC = YES;
				CLANG_ENABLE_OBJC_WEAK = YES;
				CLANG_WARN_BLOCK_CAPTURE_AUTORELEASING = YES;
				CLANG_WARN_BOOL_CONVERSION = YES;
				CLANG_WARN_COMMA = YES;
				CLANG_WARN_CONSTANT_CONVERSION = YES;
				CLANG_WARN_DEPRECATED_OBJC_IMPLEMENTATIONS = YES;
				CLANG_WARN_DIRECT_OBJC_ISA_USAGE = YES_ERROR;
				CLANG_WARN_DOCUMENTATION_COMMENTS = YES;
				CLANG_WARN_EMPTY_BODY = YES;
				CLANG_WARN_ENUM_CONVERSION = YES;
				CLANG_WARN_INFINITE_RECURSION = YES;
				CLANG_WARN_INT_CONVERSION = YES;
				CLANG_WARN_NON_LITERAL_NULL_CONVERSION = YES;
				CLANG_WARN_OBJC_IMPLICIT_RETAIN_SELF = YES;
				CLANG_WARN_OBJC_LITERAL_CONVERSION = YES;
				CLANG_WARN_OBJC_ROOT_CLASS = YES_ERROR;
				CLANG_WARN_QUOTED_INCLUDE_IN_FRAMEWORK_HEADER = YES;
				CLANG_WARN_RANGE_LOOP_ANALYSIS = YES;
				CLANG_WARN_STRICT_PROTOTYPES = YES;
				CLANG_WARN_SUSPICIOUS_MOVE = YES;
				CLANG_WARN_UNGUARDED_AVAILABILITY = YES_AGGRESSIVE;
				CLANG_WARN_UNREACHABLE_CODE = YES;
				CLANG_WARN__DUPLICATE_METHOD_MATCH = YES;
				COPY_PHASE_STRIP = NO;
				DEBUG_INFORMATION_FORMAT = dwarf;
				ENABLE_STRICT_OBJC_MSGSEND = YES;
				ENABLE_TESTABILITY = YES;
				GCC_C_LANGUAGE_STANDARD = gnu11;
				GCC_DYNAMIC_NO_PIC = NO;
				GCC_NO_COMMON_BLOCKS = YES;
				GCC_OPTIMIZATION_LEVEL = 0;
				GCC_PREPROCESSOR_DEFINITIONS = (
					"DEBUG=1",
					"$(inherited)",
				);
				GCC_WARN_64_TO_32_BIT_CONVERSION = YES;
				GCC_WARN_ABOUT_RETURN_TYPE = YES_ERROR;
				GCC_WARN_UNDECLARED_SELECTOR = YES;
				GCC_WARN_UNINITIALIZED_AUTOS = YES_AGGRESSIVE;
				GCC_WARN_UNUSED_FUNCTION = YES;
				GCC_WARN_UNUSED_VARIABLE = YES;
				IPHONEOS_DEPLOYMENT_TARGET = 13.5;
				MTL_ENABLE_DEBUG_INFO = INCLUDE_SOURCE;
				MTL_FAST_MATH = YES;
				ONLY_ACTIVE_ARCH = YES;
				SDKROOT = iphoneos;
				SWIFT_ACTIVE_COMPILATION_CONDITIONS = DEBUG;
				SWIFT_OPTIMIZATION_LEVEL = "-Onone";
			};
			name = Debug;
		};
		88579FCA253F35A700701012 /* Release */ = {
			isa = XCBuildConfiguration;
			buildSettings = {
				ALWAYS_SEARCH_USER_PATHS = NO;
				CLANG_ANALYZER_NONNULL = YES;
				CLANG_ANALYZER_NUMBER_OBJECT_CONVERSION = YES_AGGRESSIVE;
				CLANG_CXX_LANGUAGE_STANDARD = "gnu++14";
				CLANG_CXX_LIBRARY = "libc++";
				CLANG_ENABLE_MODULES = YES;
				CLANG_ENABLE_OBJC_ARC = YES;
				CLANG_ENABLE_OBJC_WEAK = YES;
				CLANG_WARN_BLOCK_CAPTURE_AUTORELEASING = YES;
				CLANG_WARN_BOOL_CONVERSION = YES;
				CLANG_WARN_COMMA = YES;
				CLANG_WARN_CONSTANT_CONVERSION = YES;
				CLANG_WARN_DEPRECATED_OBJC_IMPLEMENTATIONS = YES;
				CLANG_WARN_DIRECT_OBJC_ISA_USAGE = YES_ERROR;
				CLANG_WARN_DOCUMENTATION_COMMENTS = YES;
				CLANG_WARN_EMPTY_BODY = YES;
				CLANG_WARN_ENUM_CONVERSION = YES;
				CLANG_WARN_INFINITE_RECURSION = YES;
				CLANG_WARN_INT_CONVERSION = YES;
				CLANG_WARN_NON_LITERAL_NULL_CONVERSION = YES;
				CLANG_WARN_OBJC_IMPLICIT_RETAIN_SELF = YES;
				CLANG_WARN_OBJC_LITERAL_CONVERSION = YES;
				CLANG_WARN_OBJC_ROOT_CLASS = YES_ERROR;
				CLANG_WARN_QUOTED_INCLUDE_IN_FRAMEWORK_HEADER = YES;
				CLANG_WARN_RANGE_LOOP_ANALYSIS = YES;
				CLANG_WARN_STRICT_PROTOTYPES = YES;
				CLANG_WARN_SUSPICIOUS_MOVE = YES;
				CLANG_WARN_UNGUARDED_AVAILABILITY = YES_AGGRESSIVE;
				CLANG_WARN_UNREACHABLE_CODE = YES;
				CLANG_WARN__DUPLICATE_METHOD_MATCH = YES;
				COPY_PHASE_STRIP = NO;
				DEBUG_INFORMATION_FORMAT = "dwarf-with-dsym";
				ENABLE_NS_ASSERTIONS = NO;
				ENABLE_STRICT_OBJC_MSGSEND = YES;
				GCC_C_LANGUAGE_STANDARD = gnu11;
				GCC_NO_COMMON_BLOCKS = YES;
				GCC_WARN_64_TO_32_BIT_CONVERSION = YES;
				GCC_WARN_ABOUT_RETURN_TYPE = YES_ERROR;
				GCC_WARN_UNDECLARED_SELECTOR = YES;
				GCC_WARN_UNINITIALIZED_AUTOS = YES_AGGRESSIVE;
				GCC_WARN_UNUSED_FUNCTION = YES;
				GCC_WARN_UNUSED_VARIABLE = YES;
				IPHONEOS_DEPLOYMENT_TARGET = 13.5;
				MTL_ENABLE_DEBUG_INFO = NO;
				MTL_FAST_MATH = YES;
				SDKROOT = iphoneos;
				SWIFT_COMPILATION_MODE = wholemodule;
				SWIFT_OPTIMIZATION_LEVEL = "-O";
				VALIDATE_PRODUCT = YES;
			};
			name = Release;
		};
		88579FCC253F35A700701012 /* Debug */ = {
			isa = XCBuildConfiguration;
			buildSettings = {
				ASSETCATALOG_COMPILER_APPICON_NAME = AppIcon;
				CODE_SIGN_IDENTITY = "Apple Development";
				CODE_SIGN_STYLE = Automatic;
				DEVELOPMENT_ASSET_PATHS = "\"MediaNotes/Preview Content\"";
				DEVELOPMENT_TEAM = 8FRM8M93L5;
				ENABLE_PREVIEWS = YES;
				INFOPLIST_FILE = MediaNotes/Info.plist;
				IPHONEOS_DEPLOYMENT_TARGET = 13.5;
				LD_RUNPATH_SEARCH_PATHS = (
					"$(inherited)",
					"@executable_path/Frameworks",
				);
				PRODUCT_BUNDLE_IDENTIFIER = site.aleksa.MediaNotes;
				PRODUCT_NAME = "$(TARGET_NAME)";
				PROVISIONING_PROFILE_SPECIFIER = "";
				SWIFT_VERSION = 5.0;
				TARGETED_DEVICE_FAMILY = 1;
			};
			name = Debug;
		};
		88579FCD253F35A700701012 /* Release */ = {
			isa = XCBuildConfiguration;
			buildSettings = {
				ASSETCATALOG_COMPILER_APPICON_NAME = AppIcon;
				CODE_SIGN_IDENTITY = "Apple Development";
				CODE_SIGN_STYLE = Automatic;
				DEVELOPMENT_ASSET_PATHS = "\"MediaNotes/Preview Content\"";
				DEVELOPMENT_TEAM = 8FRM8M93L5;
				ENABLE_PREVIEWS = YES;
				INFOPLIST_FILE = MediaNotes/Info.plist;
				IPHONEOS_DEPLOYMENT_TARGET = 13.5;
				LD_RUNPATH_SEARCH_PATHS = (
					"$(inherited)",
					"@executable_path/Frameworks",
				);
				PRODUCT_BUNDLE_IDENTIFIER = site.aleksa.MediaNotes;
				PRODUCT_NAME = "$(TARGET_NAME)";
				PROVISIONING_PROFILE_SPECIFIER = "";
				SWIFT_VERSION = 5.0;
				TARGETED_DEVICE_FAMILY = 1;
			};
			name = Release;
		};
/* End XCBuildConfiguration section */

/* Begin XCConfigurationList section */
		88579FAF253F35A100701012 /* Build configuration list for PBXProject "MediaNotes" */ = {
			isa = XCConfigurationList;
			buildConfigurations = (
				88579FC9253F35A700701012 /* Debug */,
				88579FCA253F35A700701012 /* Release */,
			);
			defaultConfigurationIsVisible = 0;
			defaultConfigurationName = Release;
		};
		88579FCB253F35A700701012 /* Build configuration list for PBXNativeTarget "MediaNotes" */ = {
			isa = XCConfigurationList;
			buildConfigurations = (
				88579FCC253F35A700701012 /* Debug */,
				88579FCD253F35A700701012 /* Release */,
			);
			defaultConfigurationIsVisible = 0;
			defaultConfigurationName = Release;
		};
/* End XCConfigurationList section */

/* Begin XCVersionGroup section */
		88579FBB253F35A200701012 /* MediaNotes.xcdatamodeld */ = {
			isa = XCVersionGroup;
			children = (
				88579FBC253F35A200701012 /* MediaNotes.xcdatamodel */,
			);
			currentVersion = 88579FBC253F35A200701012 /* MediaNotes.xcdatamodel */;
			path = MediaNotes.xcdatamodeld;
			sourceTree = "<group>";
			versionGroupType = wrapper.xcdatamodel;
		};
/* End XCVersionGroup section */
	};
	rootObject = 88579FAC253F35A100701012 /* Project object */;
}
